// !$*UTF8*$!
{
	archiveVersion = 1;
	classes = {
	};
	objectVersion = 46;
	objects = {

/* Begin PBXBuildFile section */
		741847311F01B0C2009A45F9 /* gradientmap.js in Resources */ = {isa = PBXBuildFile; fileRef = 741847301F01B0C2009A45F9 /* gradientmap.js */; };
		741847331F01B0EA009A45F9 /* cartoon.js in Resources */ = {isa = PBXBuildFile; fileRef = 741847321F01B0EA009A45F9 /* cartoon.js */; };
		741847351F01B108009A45F9 /* cartoon_hipass.js in Resources */ = {isa = PBXBuildFile; fileRef = 741847341F01B108009A45F9 /* cartoon_hipass.js */; };
		741847371F01C1BA009A45F9 /* halftone.js in Resources */ = {isa = PBXBuildFile; fileRef = 741847361F01C1BA009A45F9 /* halftone.js */; };
		741847391F02CCE4009A45F9 /* red.js in Resources */ = {isa = PBXBuildFile; fileRef = 741847381F02CCE4009A45F9 /* red.js */; };
		7418473B1F030729009A45F9 /* VSRuntime.swift in Sources */ = {isa = PBXBuildFile; fileRef = 7418473A1F030729009A45F9 /* VSRuntime.swift */; };
		7418473D1F04525C009A45F9 /* motionblur.js in Resources */ = {isa = PBXBuildFile; fileRef = 7418473C1F04525C009A45F9 /* motionblur.js */; };
		741847401F05CAC8009A45F9 /* VSVideoSessionController.storyboard in Resources */ = {isa = PBXBuildFile; fileRef = 7418473E1F05CAC8009A45F9 /* VSVideoSessionController.storyboard */; };
		741847411F05CAC8009A45F9 /* VSVideoSessionController.swift in Sources */ = {isa = PBXBuildFile; fileRef = 7418473F1F05CAC8009A45F9 /* VSVideoSessionController.swift */; };
		7428EF2C1EFE2F8D007BECAF /* test3.js in Resources */ = {isa = PBXBuildFile; fileRef = 7428EF2B1EFE2F8D007BECAF /* test3.js */; };
		7428EF2E1EFF6E51007BECAF /* VSController.swift in Sources */ = {isa = PBXBuildFile; fileRef = 7428EF2D1EFF6E51007BECAF /* VSController.swift */; };
		7428EF301EFF6F9B007BECAF /* test4.js in Resources */ = {isa = PBXBuildFile; fileRef = 7428EF2F1EFF6F9B007BECAF /* test4.js */; };
		7428EF321EFF6FDD007BECAF /* test5.js in Resources */ = {isa = PBXBuildFile; fileRef = 7428EF311EFF6FDD007BECAF /* test5.js */; };
		7428EF341EFF7003007BECAF /* test6.js in Resources */ = {isa = PBXBuildFile; fileRef = 7428EF331EFF7003007BECAF /* test6.js */; };
		742CBFBC1EFDD6930017D38A /* test1.js in Resources */ = {isa = PBXBuildFile; fileRef = 742CBFBB1EFDD6930017D38A /* test1.js */; };
		7431D79B1F0D7A8C00A93671 /* SampleViewController2.swift in Sources */ = {isa = PBXBuildFile; fileRef = 7431D79A1F0D7A8C00A93671 /* SampleViewController2.swift */; };
		7431D79D1F0D7A9A00A93671 /* SampleViewController2.storyboard in Resources */ = {isa = PBXBuildFile; fileRef = 7431D79C1F0D7A9A00A93671 /* SampleViewController2.storyboard */; };
		7447330F1EF9B4FF008CD8C5 /* AppDelegate.swift in Sources */ = {isa = PBXBuildFile; fileRef = 7447330E1EF9B4FF008CD8C5 /* AppDelegate.swift */; };
		744733141EF9B4FF008CD8C5 /* Main.storyboard in Resources */ = {isa = PBXBuildFile; fileRef = 744733121EF9B4FF008CD8C5 /* Main.storyboard */; };
		744733161EF9B4FF008CD8C5 /* Assets.xcassets in Resources */ = {isa = PBXBuildFile; fileRef = 744733151EF9B4FF008CD8C5 /* Assets.xcassets */; };
		744733191EF9B4FF008CD8C5 /* LaunchScreen.storyboard in Resources */ = {isa = PBXBuildFile; fileRef = 744733171EF9B4FF008CD8C5 /* LaunchScreen.storyboard */; };
		745D3A9A1F06E614009DD359 /* VSCaptureSession.swift in Sources */ = {isa = PBXBuildFile; fileRef = 745D3A991F06E614009DD359 /* VSCaptureSession.swift */; };
		745D3A9C1F070D30009DD359 /* mosaic.js in Resources */ = {isa = PBXBuildFile; fileRef = 745D3A9B1F070D30009DD359 /* mosaic.js */; };
		7480D28D1EFCC63D00DAA88E /* VSNodes.js in Resources */ = {isa = PBXBuildFile; fileRef = 7480D28C1EFCC63D00DAA88E /* VSNodes.js */; };
		7480D28F1EFCC91A00DAA88E /* shaders.js in Resources */ = {isa = PBXBuildFile; fileRef = 7480D28E1EFCC91A00DAA88E /* shaders.js */; };
		7480D2931EFE2C5B00DAA88E /* ScriptsViewController.swift in Sources */ = {isa = PBXBuildFile; fileRef = 7480D2921EFE2C5B00DAA88E /* ScriptsViewController.swift */; };
		7492F7EE1F0DFAEE00380832 /* delicious.js in Resources */ = {isa = PBXBuildFile; fileRef = 7492F7ED1F0DFAEE00380832 /* delicious.js */; };
		7492F7F01F0DFC5E00380832 /* emboss.js in Resources */ = {isa = PBXBuildFile; fileRef = 7492F7EF1F0DFC5E00380832 /* emboss.js */; };
		7492F7F21F0DFC6900380832 /* freeza.js in Resources */ = {isa = PBXBuildFile; fileRef = 7492F7F11F0DFC6900380832 /* freeza.js */; };
		7492F7F41F0E001200380832 /* hawaii.js in Resources */ = {isa = PBXBuildFile; fileRef = 7492F7F31F0E001200380832 /* hawaii.js */; };
		7492F7F61F0E001E00380832 /* hipass.js in Resources */ = {isa = PBXBuildFile; fileRef = 7492F7F51F0E001E00380832 /* hipass.js */; };
		7492F7F81F0E08D400380832 /* smoothskin.js in Resources */ = {isa = PBXBuildFile; fileRef = 7492F7F71F0E08D400380832 /* smoothskin.js */; };
		7492F7FA1F0EA67400380832 /* sports_light.js in Resources */ = {isa = PBXBuildFile; fileRef = 7492F7F91F0EA67400380832 /* sports_light.js */; };
		7492F7FC1F0EA67F00380832 /* sports_dark.js in Resources */ = {isa = PBXBuildFile; fileRef = 7492F7FB1F0EA67F00380832 /* sports_dark.js */; };
		7492F7FE1F0EAF8A00380832 /* tennis_ball_tracker.js in Resources */ = {isa = PBXBuildFile; fileRef = 7492F7FD1F0EAF8A00380832 /* tennis_ball_tracker.js */; };
		74A39DCC1EF9D106004713D8 /* VSRenderer.metal in Sources */ = {isa = PBXBuildFile; fileRef = 74A39DCB1EF9D106004713D8 /* VSRenderer.metal */; };
		74A39DCE1EFC30EB004713D8 /* VSFilter.swift in Sources */ = {isa = PBXBuildFile; fileRef = 74A39DCD1EFC30EB004713D8 /* VSFilter.swift */; };
		74A39DD01EFC31AB004713D8 /* VSContext.swift in Sources */ = {isa = PBXBuildFile; fileRef = 74A39DCF1EFC31AB004713D8 /* VSContext.swift */; };
		74A39DD21EFC4778004713D8 /* VSMPSFilter.swift in Sources */ = {isa = PBXBuildFile; fileRef = 74A39DD11EFC4778004713D8 /* VSMPSFilter.swift */; };
		74B6514E1F181F9E00B6B091 /* SampleViewController3.swift in Sources */ = {isa = PBXBuildFile; fileRef = 74B6514D1F181F9E00B6B091 /* SampleViewController3.swift */; };
		74B651521F181FEB00B6B091 /* SampleViewController3.storyboard in Resources */ = {isa = PBXBuildFile; fileRef = 74B651511F181FEB00B6B091 /* SampleViewController3.storyboard */; };
		74C593BA1F17DA9700768BF0 /* VSVideoWriter.swift in Sources */ = {isa = PBXBuildFile; fileRef = 74C593B91F17DA9700768BF0 /* VSVideoWriter.swift */; };
		74C593BC1F17E23B00768BF0 /* VSVideoReader.swift in Sources */ = {isa = PBXBuildFile; fileRef = 74C593BB1F17E23B00768BF0 /* VSVideoReader.swift */; };
		74D3EFCD1EFDD89A0005765A /* VSScript.swift in Sources */ = {isa = PBXBuildFile; fileRef = 74D3EFCC1EFDD89A0005765A /* VSScript.swift */; };
		74D3EFCF1EFDE41B0005765A /* test2.js in Resources */ = {isa = PBXBuildFile; fileRef = 74D3EFCE1EFDE41B0005765A /* test2.js */; };
		74D4E8841F3196A9004BABBA /* VSHarris.metal in Sources */ = {isa = PBXBuildFile; fileRef = 74D4E8831F3196A9004BABBA /* VSHarris.metal */; };
		74D5B0461F156A1B00C165BC /* TestViewController.swift in Sources */ = {isa = PBXBuildFile; fileRef = 74D5B0451F156A1B00C165BC /* TestViewController.swift */; };
		74D5B0481F156A5700C165BC /* TestViewController.storyboard in Resources */ = {isa = PBXBuildFile; fileRef = 74D5B0471F156A5700C165BC /* TestViewController.storyboard */; };
		74D5B04A1F156D4D00C165BC /* VSScript+blender.swift in Sources */ = {isa = PBXBuildFile; fileRef = 74D5B0491F156D4D00C165BC /* VSScript+blender.swift */; };
		74D5B04C1F15703B00C165BC /* yeswecan.js in Resources */ = {isa = PBXBuildFile; fileRef = 74D5B04B1F15703B00C165BC /* yeswecan.js */; };
		74D5B04E1F1583F000C165BC /* SampleViewController4.swift in Sources */ = {isa = PBXBuildFile; fileRef = 74D5B04D1F1583F000C165BC /* SampleViewController4.swift */; };
		74D5B0501F15840F00C165BC /* SampleViewController4.storyboard in Resources */ = {isa = PBXBuildFile; fileRef = 74D5B04F1F15840F00C165BC /* SampleViewController4.storyboard */; };
		74DD65491F1944D600E5F420 /* TestViewController1.swift in Sources */ = {isa = PBXBuildFile; fileRef = 74DD65481F1944D600E5F420 /* TestViewController1.swift */; };
		74DD654B1F1944F400E5F420 /* TestViewController1.storyboard in Resources */ = {isa = PBXBuildFile; fileRef = 74DD654A1F1944F400E5F420 /* TestViewController1.storyboard */; };
		74E284E01EFFE4D00045ADFB /* test0.js in Resources */ = {isa = PBXBuildFile; fileRef = 74E284DF1EFFE4D00045ADFB /* test0.js */; };
		74E284E21F00B9B70045ADFB /* VSBlender.metal in Sources */ = {isa = PBXBuildFile; fileRef = 74E284E11F00B9B70045ADFB /* VSBlender.metal */; };
		74E284E41F0336D50045ADFB /* VSDynamicVariable.swift in Sources */ = {isa = PBXBuildFile; fileRef = 74E284E31F0336D50045ADFB /* VSDynamicVariable.swift */; };
		74E284E61F034E870045ADFB /* blink.js in Resources */ = {isa = PBXBuildFile; fileRef = 74E284E51F034E870045ADFB /* blink.js */; };
		74E284E81F0515A20045ADFB /* VSConvex.metal in Sources */ = {isa = PBXBuildFile; fileRef = 74E284E71F0515A20045ADFB /* VSConvex.metal */; };
		74E284EA1F0517A50045ADFB /* VSSource.metal in Sources */ = {isa = PBXBuildFile; fileRef = 74E284E91F0517A50045ADFB /* VSSource.metal */; };
		74E284EC1F0517DA0045ADFB /* VSTransform.metal in Sources */ = {isa = PBXBuildFile; fileRef = 74E284EB1F0517DA0045ADFB /* VSTransform.metal */; };
		74E284EE1F09C9800045ADFB /* VSScript+filter.swift in Sources */ = {isa = PBXBuildFile; fileRef = 74E284ED1F09C9800045ADFB /* VSScript+filter.swift */; };
		74E284F01F09F6C30045ADFB /* SampleViewController1.swift in Sources */ = {isa = PBXBuildFile; fileRef = 74E284EF1F09F6C30045ADFB /* SampleViewController1.swift */; };
		74E284F41F09F8500045ADFB /* SampleViewController1.storyboard in Resources */ = {isa = PBXBuildFile; fileRef = 74E284F31F09F8500045ADFB /* SampleViewController1.storyboard */; };
		74E284F61F09FB790045ADFB /* VSScript+controller.swift in Sources */ = {isa = PBXBuildFile; fileRef = 74E284F51F09FB790045ADFB /* VSScript+controller.swift */; };
		74E284F81F0B5D250045ADFB /* motion_detector.js in Resources */ = {isa = PBXBuildFile; fileRef = 74E284F71F0B5D250045ADFB /* motion_detector.js */; };
		74E284FA1F0DF9160045ADFB /* sketch.js in Resources */ = {isa = PBXBuildFile; fileRef = 74E284F91F0DF9160045ADFB /* sketch.js */; };
		74FB9BBE1EFC64DF0039A0CA /* VSRenderer.swift in Sources */ = {isa = PBXBuildFile; fileRef = 74FB9BBD1EFC64DF0039A0CA /* VSRenderer.swift */; };
		74FB9BC01EFC828E0039A0CA /* VSNode.swift in Sources */ = {isa = PBXBuildFile; fileRef = 74FB9BBF1EFC828E0039A0CA /* VSNode.swift */; };
		74FB9BC21EFC84070039A0CA /* VSFilters.metal in Sources */ = {isa = PBXBuildFile; fileRef = 74FB9BC11EFC84070039A0CA /* VSFilters.metal */; };
/* End PBXBuildFile section */

/* Begin PBXFileReference section */
		741847301F01B0C2009A45F9 /* gradientmap.js */ = {isa = PBXFileReference; fileEncoding = 4; lastKnownFileType = sourcecode.javascript; path = gradientmap.js; sourceTree = "<group>"; };
		741847321F01B0EA009A45F9 /* cartoon.js */ = {isa = PBXFileReference; fileEncoding = 4; lastKnownFileType = sourcecode.javascript; path = cartoon.js; sourceTree = "<group>"; };
		741847341F01B108009A45F9 /* cartoon_hipass.js */ = {isa = PBXFileReference; fileEncoding = 4; lastKnownFileType = sourcecode.javascript; path = cartoon_hipass.js; sourceTree = "<group>"; };
		741847361F01C1BA009A45F9 /* halftone.js */ = {isa = PBXFileReference; fileEncoding = 4; lastKnownFileType = sourcecode.javascript; path = halftone.js; sourceTree = "<group>"; };
		741847381F02CCE4009A45F9 /* red.js */ = {isa = PBXFileReference; fileEncoding = 4; lastKnownFileType = sourcecode.javascript; path = red.js; sourceTree = "<group>"; };
		7418473A1F030729009A45F9 /* VSRuntime.swift */ = {isa = PBXFileReference; fileEncoding = 4; lastKnownFileType = sourcecode.swift; path = VSRuntime.swift; sourceTree = "<group>"; };
		7418473C1F04525C009A45F9 /* motionblur.js */ = {isa = PBXFileReference; fileEncoding = 4; lastKnownFileType = sourcecode.javascript; path = motionblur.js; sourceTree = "<group>"; };
		7418473E1F05CAC8009A45F9 /* VSVideoSessionController.storyboard */ = {isa = PBXFileReference; fileEncoding = 4; lastKnownFileType = file.storyboard; path = VSVideoSessionController.storyboard; sourceTree = "<group>"; };
		7418473F1F05CAC8009A45F9 /* VSVideoSessionController.swift */ = {isa = PBXFileReference; fileEncoding = 4; lastKnownFileType = sourcecode.swift; path = VSVideoSessionController.swift; sourceTree = "<group>"; };
		7428EF2B1EFE2F8D007BECAF /* test3.js */ = {isa = PBXFileReference; fileEncoding = 4; lastKnownFileType = sourcecode.javascript; path = test3.js; sourceTree = "<group>"; };
		7428EF2D1EFF6E51007BECAF /* VSController.swift */ = {isa = PBXFileReference; fileEncoding = 4; lastKnownFileType = sourcecode.swift; path = VSController.swift; sourceTree = "<group>"; };
		7428EF2F1EFF6F9B007BECAF /* test4.js */ = {isa = PBXFileReference; fileEncoding = 4; lastKnownFileType = sourcecode.javascript; path = test4.js; sourceTree = "<group>"; };
		7428EF311EFF6FDD007BECAF /* test5.js */ = {isa = PBXFileReference; fileEncoding = 4; lastKnownFileType = sourcecode.javascript; path = test5.js; sourceTree = "<group>"; };
		7428EF331EFF7003007BECAF /* test6.js */ = {isa = PBXFileReference; fileEncoding = 4; lastKnownFileType = sourcecode.javascript; path = test6.js; sourceTree = "<group>"; };
		742CBFBB1EFDD6930017D38A /* test1.js */ = {isa = PBXFileReference; fileEncoding = 4; lastKnownFileType = sourcecode.javascript; path = test1.js; sourceTree = "<group>"; };
		7431D79A1F0D7A8C00A93671 /* SampleViewController2.swift */ = {isa = PBXFileReference; fileEncoding = 4; lastKnownFileType = sourcecode.swift; path = SampleViewController2.swift; sourceTree = "<group>"; };
		7431D79C1F0D7A9A00A93671 /* SampleViewController2.storyboard */ = {isa = PBXFileReference; fileEncoding = 4; lastKnownFileType = file.storyboard; path = SampleViewController2.storyboard; sourceTree = "<group>"; };
		7447330B1EF9B4FF008CD8C5 /* vs-metal.app */ = {isa = PBXFileReference; explicitFileType = wrapper.application; includeInIndex = 0; path = "vs-metal.app"; sourceTree = BUILT_PRODUCTS_DIR; };
		7447330E1EF9B4FF008CD8C5 /* AppDelegate.swift */ = {isa = PBXFileReference; lastKnownFileType = sourcecode.swift; path = AppDelegate.swift; sourceTree = "<group>"; };
		744733131EF9B4FF008CD8C5 /* Base */ = {isa = PBXFileReference; lastKnownFileType = file.storyboard; name = Base; path = Base.lproj/Main.storyboard; sourceTree = "<group>"; };
		744733151EF9B4FF008CD8C5 /* Assets.xcassets */ = {isa = PBXFileReference; lastKnownFileType = folder.assetcatalog; path = Assets.xcassets; sourceTree = "<group>"; };
		744733181EF9B4FF008CD8C5 /* Base */ = {isa = PBXFileReference; lastKnownFileType = file.storyboard; name = Base; path = Base.lproj/LaunchScreen.storyboard; sourceTree = "<group>"; };
		7447331A1EF9B4FF008CD8C5 /* Info.plist */ = {isa = PBXFileReference; lastKnownFileType = text.plist.xml; path = Info.plist; sourceTree = "<group>"; };
		744733201EF9B533008CD8C5 /* README.md */ = {isa = PBXFileReference; lastKnownFileType = net.daringfireball.markdown; name = README.md; path = ../README.md; sourceTree = "<group>"; };
		745D3A991F06E614009DD359 /* VSCaptureSession.swift */ = {isa = PBXFileReference; fileEncoding = 4; lastKnownFileType = sourcecode.swift; path = VSCaptureSession.swift; sourceTree = "<group>"; };
		745D3A9B1F070D30009DD359 /* mosaic.js */ = {isa = PBXFileReference; fileEncoding = 4; lastKnownFileType = sourcecode.javascript; path = mosaic.js; sourceTree = "<group>"; };
		7480D28C1EFCC63D00DAA88E /* VSNodes.js */ = {isa = PBXFileReference; fileEncoding = 4; lastKnownFileType = sourcecode.javascript; path = VSNodes.js; sourceTree = "<group>"; };
		7480D28E1EFCC91A00DAA88E /* shaders.js */ = {isa = PBXFileReference; fileEncoding = 4; lastKnownFileType = sourcecode.javascript; path = shaders.js; sourceTree = "<group>"; };
		7480D2921EFE2C5B00DAA88E /* ScriptsViewController.swift */ = {isa = PBXFileReference; fileEncoding = 4; lastKnownFileType = sourcecode.swift; path = ScriptsViewController.swift; sourceTree = "<group>"; };
		7492F7ED1F0DFAEE00380832 /* delicious.js */ = {isa = PBXFileReference; fileEncoding = 4; lastKnownFileType = sourcecode.javascript; path = delicious.js; sourceTree = "<group>"; };
		7492F7EF1F0DFC5E00380832 /* emboss.js */ = {isa = PBXFileReference; fileEncoding = 4; lastKnownFileType = sourcecode.javascript; path = emboss.js; sourceTree = "<group>"; };
		7492F7F11F0DFC6900380832 /* freeza.js */ = {isa = PBXFileReference; fileEncoding = 4; lastKnownFileType = sourcecode.javascript; path = freeza.js; sourceTree = "<group>"; };
		7492F7F31F0E001200380832 /* hawaii.js */ = {isa = PBXFileReference; fileEncoding = 4; lastKnownFileType = sourcecode.javascript; path = hawaii.js; sourceTree = "<group>"; };
		7492F7F51F0E001E00380832 /* hipass.js */ = {isa = PBXFileReference; fileEncoding = 4; lastKnownFileType = sourcecode.javascript; path = hipass.js; sourceTree = "<group>"; };
		7492F7F71F0E08D400380832 /* smoothskin.js */ = {isa = PBXFileReference; fileEncoding = 4; lastKnownFileType = sourcecode.javascript; path = smoothskin.js; sourceTree = "<group>"; };
		7492F7F91F0EA67400380832 /* sports_light.js */ = {isa = PBXFileReference; fileEncoding = 4; lastKnownFileType = sourcecode.javascript; path = sports_light.js; sourceTree = "<group>"; };
		7492F7FB1F0EA67F00380832 /* sports_dark.js */ = {isa = PBXFileReference; fileEncoding = 4; lastKnownFileType = sourcecode.javascript; path = sports_dark.js; sourceTree = "<group>"; };
		7492F7FD1F0EAF8A00380832 /* tennis_ball_tracker.js */ = {isa = PBXFileReference; fileEncoding = 4; lastKnownFileType = sourcecode.javascript; path = tennis_ball_tracker.js; sourceTree = "<group>"; };
		74A39DCB1EF9D106004713D8 /* VSRenderer.metal */ = {isa = PBXFileReference; fileEncoding = 4; lastKnownFileType = sourcecode.metal; path = VSRenderer.metal; sourceTree = "<group>"; };
		74A39DCD1EFC30EB004713D8 /* VSFilter.swift */ = {isa = PBXFileReference; fileEncoding = 4; lastKnownFileType = sourcecode.swift; path = VSFilter.swift; sourceTree = "<group>"; };
		74A39DCF1EFC31AB004713D8 /* VSContext.swift */ = {isa = PBXFileReference; fileEncoding = 4; lastKnownFileType = sourcecode.swift; path = VSContext.swift; sourceTree = "<group>"; };
		74A39DD11EFC4778004713D8 /* VSMPSFilter.swift */ = {isa = PBXFileReference; fileEncoding = 4; lastKnownFileType = sourcecode.swift; path = VSMPSFilter.swift; sourceTree = "<group>"; };
		74B6514D1F181F9E00B6B091 /* SampleViewController3.swift */ = {isa = PBXFileReference; fileEncoding = 4; lastKnownFileType = sourcecode.swift; path = SampleViewController3.swift; sourceTree = "<group>"; };
		74B651511F181FEB00B6B091 /* SampleViewController3.storyboard */ = {isa = PBXFileReference; fileEncoding = 4; lastKnownFileType = file.storyboard; path = SampleViewController3.storyboard; sourceTree = "<group>"; };
		74C593B91F17DA9700768BF0 /* VSVideoWriter.swift */ = {isa = PBXFileReference; fileEncoding = 4; lastKnownFileType = sourcecode.swift; path = VSVideoWriter.swift; sourceTree = "<group>"; };
		74C593BB1F17E23B00768BF0 /* VSVideoReader.swift */ = {isa = PBXFileReference; fileEncoding = 4; lastKnownFileType = sourcecode.swift; path = VSVideoReader.swift; sourceTree = "<group>"; };
		74D3EFCC1EFDD89A0005765A /* VSScript.swift */ = {isa = PBXFileReference; fileEncoding = 4; lastKnownFileType = sourcecode.swift; path = VSScript.swift; sourceTree = "<group>"; };
		74D3EFCE1EFDE41B0005765A /* test2.js */ = {isa = PBXFileReference; fileEncoding = 4; lastKnownFileType = sourcecode.javascript; path = test2.js; sourceTree = "<group>"; };
		74D3EFD21F01AC3F0005765A /* LICENSE.txt */ = {isa = PBXFileReference; lastKnownFileType = text; name = LICENSE.txt; path = ../LICENSE.txt; sourceTree = "<group>"; };
		74D4E8831F3196A9004BABBA /* VSHarris.metal */ = {isa = PBXFileReference; fileEncoding = 4; lastKnownFileType = sourcecode.metal; path = VSHarris.metal; sourceTree = "<group>"; };
		74D5B0451F156A1B00C165BC /* TestViewController.swift */ = {isa = PBXFileReference; fileEncoding = 4; lastKnownFileType = sourcecode.swift; path = TestViewController.swift; sourceTree = "<group>"; };
		74D5B0471F156A5700C165BC /* TestViewController.storyboard */ = {isa = PBXFileReference; fileEncoding = 4; lastKnownFileType = file.storyboard; path = TestViewController.storyboard; sourceTree = "<group>"; };
		74D5B0491F156D4D00C165BC /* VSScript+blender.swift */ = {isa = PBXFileReference; fileEncoding = 4; lastKnownFileType = sourcecode.swift; path = "VSScript+blender.swift"; sourceTree = "<group>"; };
		74D5B04B1F15703B00C165BC /* yeswecan.js */ = {isa = PBXFileReference; fileEncoding = 4; lastKnownFileType = sourcecode.javascript; path = yeswecan.js; sourceTree = "<group>"; };
		74D5B04D1F1583F000C165BC /* SampleViewController4.swift */ = {isa = PBXFileReference; fileEncoding = 4; lastKnownFileType = sourcecode.swift; path = SampleViewController4.swift; sourceTree = "<group>"; };
		74D5B04F1F15840F00C165BC /* SampleViewController4.storyboard */ = {isa = PBXFileReference; fileEncoding = 4; lastKnownFileType = file.storyboard; path = SampleViewController4.storyboard; sourceTree = "<group>"; };
		74DD65481F1944D600E5F420 /* TestViewController1.swift */ = {isa = PBXFileReference; fileEncoding = 4; lastKnownFileType = sourcecode.swift; path = TestViewController1.swift; sourceTree = "<group>"; };
		74DD654A1F1944F400E5F420 /* TestViewController1.storyboard */ = {isa = PBXFileReference; fileEncoding = 4; lastKnownFileType = file.storyboard; path = TestViewController1.storyboard; sourceTree = "<group>"; };
		74E284DF1EFFE4D00045ADFB /* test0.js */ = {isa = PBXFileReference; fileEncoding = 4; lastKnownFileType = sourcecode.javascript; path = test0.js; sourceTree = "<group>"; };
		74E284E11F00B9B70045ADFB /* VSBlender.metal */ = {isa = PBXFileReference; fileEncoding = 4; lastKnownFileType = sourcecode.metal; path = VSBlender.metal; sourceTree = "<group>"; };
		74E284E31F0336D50045ADFB /* VSDynamicVariable.swift */ = {isa = PBXFileReference; fileEncoding = 4; lastKnownFileType = sourcecode.swift; path = VSDynamicVariable.swift; sourceTree = "<group>"; };
		74E284E51F034E870045ADFB /* blink.js */ = {isa = PBXFileReference; fileEncoding = 4; lastKnownFileType = sourcecode.javascript; path = blink.js; sourceTree = "<group>"; };
		74E284E71F0515A20045ADFB /* VSConvex.metal */ = {isa = PBXFileReference; fileEncoding = 4; lastKnownFileType = sourcecode.metal; path = VSConvex.metal; sourceTree = "<group>"; };
		74E284E91F0517A50045ADFB /* VSSource.metal */ = {isa = PBXFileReference; fileEncoding = 4; lastKnownFileType = sourcecode.metal; path = VSSource.metal; sourceTree = "<group>"; };
		74E284EB1F0517DA0045ADFB /* VSTransform.metal */ = {isa = PBXFileReference; fileEncoding = 4; lastKnownFileType = sourcecode.metal; path = VSTransform.metal; sourceTree = "<group>"; };
		74E284ED1F09C9800045ADFB /* VSScript+filter.swift */ = {isa = PBXFileReference; fileEncoding = 4; lastKnownFileType = sourcecode.swift; path = "VSScript+filter.swift"; sourceTree = "<group>"; };
		74E284EF1F09F6C30045ADFB /* SampleViewController1.swift */ = {isa = PBXFileReference; fileEncoding = 4; lastKnownFileType = sourcecode.swift; path = SampleViewController1.swift; sourceTree = "<group>"; };
		74E284F31F09F8500045ADFB /* SampleViewController1.storyboard */ = {isa = PBXFileReference; fileEncoding = 4; lastKnownFileType = file.storyboard; path = SampleViewController1.storyboard; sourceTree = "<group>"; };
		74E284F51F09FB790045ADFB /* VSScript+controller.swift */ = {isa = PBXFileReference; fileEncoding = 4; lastKnownFileType = sourcecode.swift; path = "VSScript+controller.swift"; sourceTree = "<group>"; };
		74E284F71F0B5D250045ADFB /* motion_detector.js */ = {isa = PBXFileReference; fileEncoding = 4; lastKnownFileType = sourcecode.javascript; path = motion_detector.js; sourceTree = "<group>"; };
		74E284F91F0DF9160045ADFB /* sketch.js */ = {isa = PBXFileReference; fileEncoding = 4; lastKnownFileType = sourcecode.javascript; path = sketch.js; sourceTree = "<group>"; };
		74FB9BBD1EFC64DF0039A0CA /* VSRenderer.swift */ = {isa = PBXFileReference; fileEncoding = 4; lastKnownFileType = sourcecode.swift; path = VSRenderer.swift; sourceTree = "<group>"; };
		74FB9BBF1EFC828E0039A0CA /* VSNode.swift */ = {isa = PBXFileReference; fileEncoding = 4; lastKnownFileType = sourcecode.swift; path = VSNode.swift; sourceTree = "<group>"; };
		74FB9BC11EFC84070039A0CA /* VSFilters.metal */ = {isa = PBXFileReference; fileEncoding = 4; lastKnownFileType = sourcecode.metal; path = VSFilters.metal; sourceTree = "<group>"; };
/* End PBXFileReference section */

/* Begin PBXFrameworksBuildPhase section */
		744733081EF9B4FF008CD8C5 /* Frameworks */ = {
			isa = PBXFrameworksBuildPhase;
			buildActionMask = 2147483647;
			files = (
			);
			runOnlyForDeploymentPostprocessing = 0;
		};
/* End PBXFrameworksBuildPhase section */

/* Begin PBXGroup section */
		742CBFBD1EFDD7E40017D38A /* metal */ = {
			isa = PBXGroup;
			children = (
				74A39DCB1EF9D106004713D8 /* VSRenderer.metal */,
				74FB9BC11EFC84070039A0CA /* VSFilters.metal */,
				74E284E71F0515A20045ADFB /* VSConvex.metal */,
				74E284E91F0517A50045ADFB /* VSSource.metal */,
				74E284EB1F0517DA0045ADFB /* VSTransform.metal */,
				74E284E11F00B9B70045ADFB /* VSBlender.metal */,
				74D4E8831F3196A9004BABBA /* VSHarris.metal */,
			);
			name = metal;
			sourceTree = "<group>";
		};
		742CBFBE1EFDD7F90017D38A /* scripts */ = {
			isa = PBXGroup;
			children = (
				742CBFBB1EFDD6930017D38A /* test1.js */,
				74D3EFCE1EFDE41B0005765A /* test2.js */,
				7428EF2B1EFE2F8D007BECAF /* test3.js */,
				7428EF2F1EFF6F9B007BECAF /* test4.js */,
				7428EF311EFF6FDD007BECAF /* test5.js */,
				7428EF331EFF7003007BECAF /* test6.js */,
				7492F7FD1F0EAF8A00380832 /* tennis_ball_tracker.js */,
				7492F7F71F0E08D400380832 /* smoothskin.js */,
				7492F7F91F0EA67400380832 /* sports_light.js */,
				7492F7FB1F0EA67F00380832 /* sports_dark.js */,
				7492F7F31F0E001200380832 /* hawaii.js */,
				7492F7F51F0E001E00380832 /* hipass.js */,
				7492F7EF1F0DFC5E00380832 /* emboss.js */,
				74E284F91F0DF9160045ADFB /* sketch.js */,
				74E284F71F0B5D250045ADFB /* motion_detector.js */,
				7492F7F11F0DFC6900380832 /* freeza.js */,
				7492F7ED1F0DFAEE00380832 /* delicious.js */,
				74E284E51F034E870045ADFB /* blink.js */,
				745D3A9B1F070D30009DD359 /* mosaic.js */,
				741847381F02CCE4009A45F9 /* red.js */,
				741847361F01C1BA009A45F9 /* halftone.js */,
				74D5B04B1F15703B00C165BC /* yeswecan.js */,
				741847321F01B0EA009A45F9 /* cartoon.js */,
				74E284DF1EFFE4D00045ADFB /* test0.js */,
				741847301F01B0C2009A45F9 /* gradientmap.js */,
				7418473C1F04525C009A45F9 /* motionblur.js */,
				741847341F01B108009A45F9 /* cartoon_hipass.js */,
			);
			name = scripts;
			sourceTree = "<group>";
		};
		744733021EF9B4FF008CD8C5 = {
			isa = PBXGroup;
			children = (
				744733201EF9B533008CD8C5 /* README.md */,
				74D3EFD21F01AC3F0005765A /* LICENSE.txt */,
				7447330D1EF9B4FF008CD8C5 /* vs-metal */,
				7447330C1EF9B4FF008CD8C5 /* Products */,
			);
			sourceTree = "<group>";
		};
		7447330C1EF9B4FF008CD8C5 /* Products */ = {
			isa = PBXGroup;
			children = (
				7447330B1EF9B4FF008CD8C5 /* vs-metal.app */,
			);
			name = Products;
			sourceTree = "<group>";
		};
		7447330D1EF9B4FF008CD8C5 /* vs-metal */ = {
			isa = PBXGroup;
			children = (
				744733211EF9B99C008CD8C5 /* src */,
				7447330E1EF9B4FF008CD8C5 /* AppDelegate.swift */,
				7418473E1F05CAC8009A45F9 /* VSVideoSessionController.storyboard */,
				7418473F1F05CAC8009A45F9 /* VSVideoSessionController.swift */,
				74E284EF1F09F6C30045ADFB /* SampleViewController1.swift */,
				7431D79A1F0D7A8C00A93671 /* SampleViewController2.swift */,
				74B6514D1F181F9E00B6B091 /* SampleViewController3.swift */,
				74D5B04D1F1583F000C165BC /* SampleViewController4.swift */,
				74DD65481F1944D600E5F420 /* TestViewController1.swift */,
				74D5B0451F156A1B00C165BC /* TestViewController.swift */,
				74E284F31F09F8500045ADFB /* SampleViewController1.storyboard */,
				7431D79C1F0D7A9A00A93671 /* SampleViewController2.storyboard */,
				74B651511F181FEB00B6B091 /* SampleViewController3.storyboard */,
				74DD654A1F1944F400E5F420 /* TestViewController1.storyboard */,
				74D5B04F1F15840F00C165BC /* SampleViewController4.storyboard */,
				74D5B0471F156A5700C165BC /* TestViewController.storyboard */,
				7480D2921EFE2C5B00DAA88E /* ScriptsViewController.swift */,
				744733121EF9B4FF008CD8C5 /* Main.storyboard */,
				744733151EF9B4FF008CD8C5 /* Assets.xcassets */,
				744733171EF9B4FF008CD8C5 /* LaunchScreen.storyboard */,
				7447331A1EF9B4FF008CD8C5 /* Info.plist */,
			);
			path = "vs-metal";
			sourceTree = "<group>";
		};
		744733211EF9B99C008CD8C5 /* src */ = {
			isa = PBXGroup;
			children = (
				7480D28E1EFCC91A00DAA88E /* shaders.js */,
				7480D28C1EFCC63D00DAA88E /* VSNodes.js */,
				742CBFBE1EFDD7F90017D38A /* scripts */,
				749A53521F1EA390009D0A35 /* helpers */,
				74A39DCD1EFC30EB004713D8 /* VSFilter.swift */,
				74D3EFCC1EFDD89A0005765A /* VSScript.swift */,
				7428EF2D1EFF6E51007BECAF /* VSController.swift */,
				74FB9BBF1EFC828E0039A0CA /* VSNode.swift */,
				74A39DD11EFC4778004713D8 /* VSMPSFilter.swift */,
				74A39DCF1EFC31AB004713D8 /* VSContext.swift */,
				7418473A1F030729009A45F9 /* VSRuntime.swift */,
				74E284E31F0336D50045ADFB /* VSDynamicVariable.swift */,
				742CBFBD1EFDD7E40017D38A /* metal */,
			);
			name = src;
			path = ../../src;
			sourceTree = "<group>";
		};
		749A53521F1EA390009D0A35 /* helpers */ = {
			isa = PBXGroup;
			children = (
				74FB9BBD1EFC64DF0039A0CA /* VSRenderer.swift */,
				74C593BB1F17E23B00768BF0 /* VSVideoReader.swift */,
				74C593B91F17DA9700768BF0 /* VSVideoWriter.swift */,
				745D3A991F06E614009DD359 /* VSCaptureSession.swift */,
				74E284ED1F09C9800045ADFB /* VSScript+filter.swift */,
				74D5B0491F156D4D00C165BC /* VSScript+blender.swift */,
				74E284F51F09FB790045ADFB /* VSScript+controller.swift */,
			);
			name = helpers;
			sourceTree = "<group>";
		};
/* End PBXGroup section */

/* Begin PBXNativeTarget section */
		7447330A1EF9B4FF008CD8C5 /* vs-metal */ = {
			isa = PBXNativeTarget;
			buildConfigurationList = 7447331D1EF9B4FF008CD8C5 /* Build configuration list for PBXNativeTarget "vs-metal" */;
			buildPhases = (
				744733071EF9B4FF008CD8C5 /* Sources */,
				744733081EF9B4FF008CD8C5 /* Frameworks */,
				744733091EF9B4FF008CD8C5 /* Resources */,
			);
			buildRules = (
			);
			dependencies = (
			);
			name = "vs-metal";
			productName = "vs-metal";
			productReference = 7447330B1EF9B4FF008CD8C5 /* vs-metal.app */;
			productType = "com.apple.product-type.application";
		};
/* End PBXNativeTarget section */

/* Begin PBXProject section */
		744733031EF9B4FF008CD8C5 /* Project object */ = {
			isa = PBXProject;
			attributes = {
				LastSwiftUpdateCheck = 0830;
				LastUpgradeCheck = 0830;
				ORGANIZATIONNAME = "SATOSHI NAKAJIMA";
				TargetAttributes = {
					7447330A1EF9B4FF008CD8C5 = {
						CreatedOnToolsVersion = 8.3.2;
						DevelopmentTeam = QP3EM8P27B;
						ProvisioningStyle = Automatic;
					};
				};
			};
			buildConfigurationList = 744733061EF9B4FF008CD8C5 /* Build configuration list for PBXProject "vs-metal" */;
			compatibilityVersion = "Xcode 3.2";
			developmentRegion = English;
			hasScannedForEncodings = 0;
			knownRegions = (
				en,
				Base,
			);
			mainGroup = 744733021EF9B4FF008CD8C5;
			productRefGroup = 7447330C1EF9B4FF008CD8C5 /* Products */;
			projectDirPath = "";
			projectRoot = "";
			targets = (
				7447330A1EF9B4FF008CD8C5 /* vs-metal */,
			);
		};
/* End PBXProject section */

/* Begin PBXResourcesBuildPhase section */
		744733091EF9B4FF008CD8C5 /* Resources */ = {
			isa = PBXResourcesBuildPhase;
			buildActionMask = 2147483647;
			files = (
				7492F7FC1F0EA67F00380832 /* sports_dark.js in Resources */,
				7480D28F1EFCC91A00DAA88E /* shaders.js in Resources */,
				7492F7F81F0E08D400380832 /* smoothskin.js in Resources */,
				74D3EFCF1EFDE41B0005765A /* test2.js in Resources */,
				741847401F05CAC8009A45F9 /* VSVideoSessionController.storyboard in Resources */,
				7428EF2C1EFE2F8D007BECAF /* test3.js in Resources */,
				7428EF321EFF6FDD007BECAF /* test5.js in Resources */,
				7492F7F01F0DFC5E00380832 /* emboss.js in Resources */,
				741847371F01C1BA009A45F9 /* halftone.js in Resources */,
				74E284E01EFFE4D00045ADFB /* test0.js in Resources */,
				744733191EF9B4FF008CD8C5 /* LaunchScreen.storyboard in Resources */,
				74D5B0481F156A5700C165BC /* TestViewController.storyboard in Resources */,
				7492F7FE1F0EAF8A00380832 /* tennis_ball_tracker.js in Resources */,
				745D3A9C1F070D30009DD359 /* mosaic.js in Resources */,
				7492F7F61F0E001E00380832 /* hipass.js in Resources */,
				744733161EF9B4FF008CD8C5 /* Assets.xcassets in Resources */,
				74E284E61F034E870045ADFB /* blink.js in Resources */,
				744733141EF9B4FF008CD8C5 /* Main.storyboard in Resources */,
				7431D79D1F0D7A9A00A93671 /* SampleViewController2.storyboard in Resources */,
				74E284FA1F0DF9160045ADFB /* sketch.js in Resources */,
				74B651521F181FEB00B6B091 /* SampleViewController3.storyboard in Resources */,
				74E284F41F09F8500045ADFB /* SampleViewController1.storyboard in Resources */,
				74E284F81F0B5D250045ADFB /* motion_detector.js in Resources */,
				7492F7EE1F0DFAEE00380832 /* delicious.js in Resources */,
				7418473D1F04525C009A45F9 /* motionblur.js in Resources */,
				741847391F02CCE4009A45F9 /* red.js in Resources */,
				741847351F01B108009A45F9 /* cartoon_hipass.js in Resources */,
				7492F7F21F0DFC6900380832 /* freeza.js in Resources */,
				7428EF301EFF6F9B007BECAF /* test4.js in Resources */,
				7428EF341EFF7003007BECAF /* test6.js in Resources */,
				742CBFBC1EFDD6930017D38A /* test1.js in Resources */,
				7492F7F41F0E001200380832 /* hawaii.js in Resources */,
				7492F7FA1F0EA67400380832 /* sports_light.js in Resources */,
				7480D28D1EFCC63D00DAA88E /* VSNodes.js in Resources */,
				74D5B0501F15840F00C165BC /* SampleViewController4.storyboard in Resources */,
				74DD654B1F1944F400E5F420 /* TestViewController1.storyboard in Resources */,
				74D5B04C1F15703B00C165BC /* yeswecan.js in Resources */,
				741847331F01B0EA009A45F9 /* cartoon.js in Resources */,
				741847311F01B0C2009A45F9 /* gradientmap.js in Resources */,
			);
			runOnlyForDeploymentPostprocessing = 0;
		};
/* End PBXResourcesBuildPhase section */

/* Begin PBXSourcesBuildPhase section */
		744733071EF9B4FF008CD8C5 /* Sources */ = {
			isa = PBXSourcesBuildPhase;
			buildActionMask = 2147483647;
			files = (
				7480D2931EFE2C5B00DAA88E /* ScriptsViewController.swift in Sources */,
				74FB9BC01EFC828E0039A0CA /* VSNode.swift in Sources */,
				74FB9BBE1EFC64DF0039A0CA /* VSRenderer.swift in Sources */,
				74C593BC1F17E23B00768BF0 /* VSVideoReader.swift in Sources */,
				74E284E81F0515A20045ADFB /* VSConvex.metal in Sources */,
				7428EF2E1EFF6E51007BECAF /* VSController.swift in Sources */,
				7447330F1EF9B4FF008CD8C5 /* AppDelegate.swift in Sources */,
				7431D79B1F0D7A8C00A93671 /* SampleViewController2.swift in Sources */,
				74D3EFCD1EFDD89A0005765A /* VSScript.swift in Sources */,
				7418473B1F030729009A45F9 /* VSRuntime.swift in Sources */,
				74E284EA1F0517A50045ADFB /* VSSource.metal in Sources */,
				74D5B0461F156A1B00C165BC /* TestViewController.swift in Sources */,
				74FB9BC21EFC84070039A0CA /* VSFilters.metal in Sources */,
				74B6514E1F181F9E00B6B091 /* SampleViewController3.swift in Sources */,
				74DD65491F1944D600E5F420 /* TestViewController1.swift in Sources */,
				74D4E8841F3196A9004BABBA /* VSHarris.metal in Sources */,
				74A39DD21EFC4778004713D8 /* VSMPSFilter.swift in Sources */,
				74E284EE1F09C9800045ADFB /* VSScript+filter.swift in Sources */,
				74C593BA1F17DA9700768BF0 /* VSVideoWriter.swift in Sources */,
				745D3A9A1F06E614009DD359 /* VSCaptureSession.swift in Sources */,
				74E284E41F0336D50045ADFB /* VSDynamicVariable.swift in Sources */,
				74A39DCC1EF9D106004713D8 /* VSRenderer.metal in Sources */,
				74E284F61F09FB790045ADFB /* VSScript+controller.swift in Sources */,
				74A39DCE1EFC30EB004713D8 /* VSFilter.swift in Sources */,
				74A39DD01EFC31AB004713D8 /* VSContext.swift in Sources */,
				741847411F05CAC8009A45F9 /* VSVideoSessionController.swift in Sources */,
				74E284F01F09F6C30045ADFB /* SampleViewController1.swift in Sources */,
				74E284EC1F0517DA0045ADFB /* VSTransform.metal in Sources */,
				74D5B04A1F156D4D00C165BC /* VSScript+blender.swift in Sources */,
				74E284E21F00B9B70045ADFB /* VSBlender.metal in Sources */,
				74D5B04E1F1583F000C165BC /* SampleViewController4.swift in Sources */,
			);
			runOnlyForDeploymentPostprocessing = 0;
		};
/* End PBXSourcesBuildPhase section */

/* Begin PBXVariantGroup section */
		744733121EF9B4FF008CD8C5 /* Main.storyboard */ = {
			isa = PBXVariantGroup;
			children = (
				744733131EF9B4FF008CD8C5 /* Base */,
			);
			name = Main.storyboard;
			sourceTree = "<group>";
		};
		744733171EF9B4FF008CD8C5 /* LaunchScreen.storyboard */ = {
			isa = PBXVariantGroup;
			children = (
				744733181EF9B4FF008CD8C5 /* Base */,
			);
			name = LaunchScreen.storyboard;
			sourceTree = "<group>";
		};
/* End PBXVariantGroup section */

/* Begin XCBuildConfiguration section */
		7447331B1EF9B4FF008CD8C5 /* Debug */ = {
			isa = XCBuildConfiguration;
			buildSettings = {
				ALWAYS_SEARCH_USER_PATHS = NO;
				CLANG_ANALYZER_NONNULL = YES;
				CLANG_ANALYZER_NUMBER_OBJECT_CONVERSION = YES_AGGRESSIVE;
				CLANG_CXX_LANGUAGE_STANDARD = "gnu++0x";
				CLANG_CXX_LIBRARY = "libc++";
				CLANG_ENABLE_MODULES = YES;
				CLANG_ENABLE_OBJC_ARC = YES;
				CLANG_WARN_BOOL_CONVERSION = YES;
				CLANG_WARN_CONSTANT_CONVERSION = YES;
				CLANG_WARN_DIRECT_OBJC_ISA_USAGE = YES_ERROR;
				CLANG_WARN_DOCUMENTATION_COMMENTS = YES;
				CLANG_WARN_EMPTY_BODY = YES;
				CLANG_WARN_ENUM_CONVERSION = YES;
				CLANG_WARN_INFINITE_RECURSION = YES;
				CLANG_WARN_INT_CONVERSION = YES;
				CLANG_WARN_OBJC_ROOT_CLASS = YES_ERROR;
				CLANG_WARN_SUSPICIOUS_MOVE = YES;
				CLANG_WARN_UNREACHABLE_CODE = YES;
				CLANG_WARN__DUPLICATE_METHOD_MATCH = YES;
				"CODE_SIGN_IDENTITY[sdk=iphoneos*]" = "iPhone Developer";
				COPY_PHASE_STRIP = NO;
				DEBUG_INFORMATION_FORMAT = dwarf;
				ENABLE_STRICT_OBJC_MSGSEND = YES;
				ENABLE_TESTABILITY = YES;
				GCC_C_LANGUAGE_STANDARD = gnu99;
				GCC_DYNAMIC_NO_PIC = NO;
				GCC_NO_COMMON_BLOCKS = YES;
				GCC_OPTIMIZATION_LEVEL = 0;
				GCC_PREPROCESSOR_DEFINITIONS = (
					"DEBUG=1",
					"$(inherited)",
				);
				GCC_WARN_64_TO_32_BIT_CONVERSION = YES;
				GCC_WARN_ABOUT_RETURN_TYPE = YES_ERROR;
				GCC_WARN_UNDECLARED_SELECTOR = YES;
				GCC_WARN_UNINITIALIZED_AUTOS = YES_AGGRESSIVE;
				GCC_WARN_UNUSED_FUNCTION = YES;
				GCC_WARN_UNUSED_VARIABLE = YES;
				IPHONEOS_DEPLOYMENT_TARGET = 10.3;
				MTL_ENABLE_DEBUG_INFO = YES;
				ONLY_ACTIVE_ARCH = YES;
				SDKROOT = iphoneos;
				SWIFT_ACTIVE_COMPILATION_CONDITIONS = DEBUG;
				SWIFT_OPTIMIZATION_LEVEL = "-Onone";
			};
			name = Debug;
		};
		7447331C1EF9B4FF008CD8C5 /* Release */ = {
			isa = XCBuildConfiguration;
			buildSettings = {
				ALWAYS_SEARCH_USER_PATHS = NO;
				CLANG_ANALYZER_NONNULL = YES;
				CLANG_ANALYZER_NUMBER_OBJECT_CONVERSION = YES_AGGRESSIVE;
				CLANG_CXX_LANGUAGE_STANDARD = "gnu++0x";
				CLANG_CXX_LIBRARY = "libc++";
				CLANG_ENABLE_MODULES = YES;
				CLANG_ENABLE_OBJC_ARC = YES;
				CLANG_WARN_BOOL_CONVERSION = YES;
				CLANG_WARN_CONSTANT_CONVERSION = YES;
				CLANG_WARN_DIRECT_OBJC_ISA_USAGE = YES_ERROR;
				CLANG_WARN_DOCUMENTATION_COMMENTS = YES;
				CLANG_WARN_EMPTY_BODY = YES;
				CLANG_WARN_ENUM_CONVERSION = YES;
				CLANG_WARN_INFINITE_RECURSION = YES;
				CLANG_WARN_INT_CONVERSION = YES;
				CLANG_WARN_OBJC_ROOT_CLASS = YES_ERROR;
				CLANG_WARN_SUSPICIOUS_MOVE = YES;
				CLANG_WARN_UNREACHABLE_CODE = YES;
				CLANG_WARN__DUPLICATE_METHOD_MATCH = YES;
				"CODE_SIGN_IDENTITY[sdk=iphoneos*]" = "iPhone Developer";
				COPY_PHASE_STRIP = NO;
				DEBUG_INFORMATION_FORMAT = "dwarf-with-dsym";
				ENABLE_NS_ASSERTIONS = NO;
				ENABLE_STRICT_OBJC_MSGSEND = YES;
				GCC_C_LANGUAGE_STANDARD = gnu99;
				GCC_NO_COMMON_BLOCKS = YES;
				GCC_WARN_64_TO_32_BIT_CONVERSION = YES;
				GCC_WARN_ABOUT_RETURN_TYPE = YES_ERROR;
				GCC_WARN_UNDECLARED_SELECTOR = YES;
				GCC_WARN_UNINITIALIZED_AUTOS = YES_AGGRESSIVE;
				GCC_WARN_UNUSED_FUNCTION = YES;
				GCC_WARN_UNUSED_VARIABLE = YES;
				IPHONEOS_DEPLOYMENT_TARGET = 10.3;
				MTL_ENABLE_DEBUG_INFO = NO;
				SDKROOT = iphoneos;
				SWIFT_OPTIMIZATION_LEVEL = "-Owholemodule";
				VALIDATE_PRODUCT = YES;
			};
			name = Release;
		};
		7447331E1EF9B4FF008CD8C5 /* Debug */ = {
			isa = XCBuildConfiguration;
			buildSettings = {
				ASSETCATALOG_COMPILER_APPICON_NAME = AppIcon;
				DEVELOPMENT_TEAM = QP3EM8P27B;
				INFOPLIST_FILE = "vs-metal/Info.plist";
				IPHONEOS_DEPLOYMENT_TARGET = 10.1;
				LD_RUNPATH_SEARCH_PATHS = "$(inherited) @executable_path/Frameworks";
				PRODUCT_BUNDLE_IDENTIFIER = "com.cloudreaders.vs-metal";
				PRODUCT_NAME = "$(TARGET_NAME)";
				SWIFT_VERSION = 3.0;
				TARGETED_DEVICE_FAMILY = "1,2";
			};
			name = Debug;
		};
		7447331F1EF9B4FF008CD8C5 /* Release */ = {
			isa = XCBuildConfiguration;
			buildSettings = {
				ASSETCATALOG_COMPILER_APPICON_NAME = AppIcon;
				DEVELOPMENT_TEAM = QP3EM8P27B;
				INFOPLIST_FILE = "vs-metal/Info.plist";
				IPHONEOS_DEPLOYMENT_TARGET = 10.1;
				LD_RUNPATH_SEARCH_PATHS = "$(inherited) @executable_path/Frameworks";
				PRODUCT_BUNDLE_IDENTIFIER = "com.cloudreaders.vs-metal";
				PRODUCT_NAME = "$(TARGET_NAME)";
				SWIFT_VERSION = 3.0;
				TARGETED_DEVICE_FAMILY = "1,2";
			};
			name = Release;
		};
/* End XCBuildConfiguration section */

/* Begin XCConfigurationList section */
		744733061EF9B4FF008CD8C5 /* Build configuration list for PBXProject "vs-metal" */ = {
			isa = XCConfigurationList;
			buildConfigurations = (
				7447331B1EF9B4FF008CD8C5 /* Debug */,
				7447331C1EF9B4FF008CD8C5 /* Release */,
			);
			defaultConfigurationIsVisible = 0;
			defaultConfigurationName = Release;
		};
		7447331D1EF9B4FF008CD8C5 /* Build configuration list for PBXNativeTarget "vs-metal" */ = {
			isa = XCConfigurationList;
			buildConfigurations = (
				7447331E1EF9B4FF008CD8C5 /* Debug */,
				7447331F1EF9B4FF008CD8C5 /* Release */,
			);
			defaultConfigurationIsVisible = 0;
			defaultConfigurationName = Release;
		};
/* End XCConfigurationList section */
	};
	rootObject = 744733031EF9B4FF008CD8C5 /* Project object */;
}
